Microsoft Visual Studio Solution File, Format Version 11.00
# Visual Studio 2008

Project("{4FD28464-81F9-05D4-6590-EA56EA556B3B}") = "Huluking Game", "Assembly-CSharp.csproj", "{9549BAD7-62FE-3058-9EC3-17460D0033E7}"
EndProject
Global
	GlobalSection(SolutionConfigurationPlatforms) = preSolution
		Debug|Any CPU = Debug|Any CPU
		Release|Any CPU = Release|Any CPU
	EndGlobalSection
	GlobalSection(ProjectConfigurationPlatforms) = postSolution
		{9549BAD7-62FE-3058-9EC3-17460D0033E7}.Debug|Any CPU.ActiveCfg = Debug|Any CPU
		{9549BAD7-62FE-3058-9EC3-17460D0033E7}.Debug|Any CPU.Build.0 = Debug|Any CPU
		{9549BAD7-62FE-3058-9EC3-17460D0033E7}.Release|Any CPU.ActiveCfg = Release|Any CPU
		{9549BAD7-62FE-3058-9EC3-17460D0033E7}.Release|Any CPU.Build.0 = Release|Any CPU
	EndGlobalSection
	GlobalSection(SolutionProperties) = preSolution
		HideSolutionNode = FALSE
	EndGlobalSection
	GlobalSection(MonoDevelopProperties) = preSolution
		StartupItem = Assembly-CSharp.csproj
	EndGlobalSection
EndGlobal
